PODS:
  - Alamofire (3.5.0)
  - AlamofireImage (2.5.0):
    - Alamofire (~> 3.5)
  - ImageViewer (2.1)
  - PusherSwift (2.0.1)
  - QAsyncImageView (0.1.0)
  - Qiscus (0.5.0):
    - Alamofire (~> 3.0)
    - AlamofireImage
    - ImageViewer
    - PusherSwift
    - QAsyncImageView
    - QToasterSwift
    - ReachabilitySwift
    - RealmSwift
    - SJProgressHUD
    - SwiftyJSON
  - QToasterSwift (0.2.1)
  - ReachabilitySwift (2.3.3)
  - Realm (1.0.2):
    - Realm/Headers (= 1.0.2)
  - Realm/Headers (1.0.2)
  - RealmSwift (1.0.2):
    - Realm (= 1.0.2)
  - SJProgressHUD (0.0.3)
  - SwiftyJSON (2.3.2)

DEPENDENCIES:
  - Qiscus

SPEC CHECKSUMS:
  Alamofire: b70a7352335f8ea5babd0a923eb7e8eacc67b877
  AlamofireImage: 2d34936e5201270bb17a316a786e90e83b4a249d
  ImageViewer: c09d86c780c8dd45d00d2a95bcf11e1ca8c4935f
  PusherSwift: 81b5305973c641f9b3754662ba21d1cbcd932c9a
  QAsyncImageView: f05a454fd7443e1ffdbfa38ec52690c5e299367f
  Qiscus: 8c19f50fce83304d37e0a4556baffea6640844eb
  QToasterSwift: 16d473166b6f7b34e8fe6aaab518d139123aad27
  ReachabilitySwift: e0f6b6f280effb47731acfaaa2d5ffe223703793
  Realm: 9d5c46a4d7d27958530a8dfc58f63a99e5c2cba3
  RealmSwift: 82f3ac5e24530143dddfde2033acc0d308f27d96
  SJProgressHUD: 9a50ce326a27d66ce453200c87dde8691bb1b7a7
  SwiftyJSON: 04ccea08915aa0109039157c7974cf0298da292a

PODFILE CHECKSUM: efbf625cd33542534891f043b8137f89d4d4975b

COCOAPODS: 1.0.1
